
Microsoft Visual Studio Solution File, Format Version 12.00
# Visual Studio Version 16
VisualStudioVersion = 16.0.30413.136
MinimumVisualStudioVersion = 10.0.40219.1
Project("{FAE04EC0-301F-11D3-BF4B-00C04F79EFBC}") = "WorkflowConfigurationScriptingTool", "WorkflowConfigurationScriptingTool.csproj", "{34F600F0-F571-4A21-BB03-755709773F8E}"
EndProject
Global
	GlobalSection(SolutionConfigurationPlatforms) = preSolution
		Debug|Any CPU = Debug|Any CPU
		Release|Any CPU = Release|Any CPU
	EndGlobalSection
	GlobalSection(ProjectConfigurationPlatforms) = postSolution
		{34F600F0-F571-4A21-BB03-755709773F8E}.Debug|Any CPU.ActiveCfg = Debug|Any CPU
		{34F600F0-F571-4A21-BB03-755709773F8E}.Debug|Any CPU.Build.0 = Debug|Any CPU
		{34F600F0-F571-4A21-BB03-755709773F8E}.Release|Any CPU.ActiveCfg = Release|Any CPU
		{34F600F0-F571-4A21-BB03-755709773F8E}.Release|Any CPU.Build.0 = Release|Any CPU
	EndGlobalSection
	GlobalSection(SolutionProperties) = preSolution
		HideSolutionNode = FALSE
	EndGlobalSection
	GlobalSection(ExtensibilityGlobals) = postSolution
		SolutionGuid = {82065991-0B52-4C9A-96F7-83492557DF5F}
	EndGlobalSection
EndGlobal
